{
  "name": "deployment",
  "lockfileVersion": 3,
  "requires": true,
  "packages": {
    "": {
      "dependencies": {
        "@cdklabs/cdk-ssm-documents": "^0.0.46"
      }
    },
    "node_modules/@aws-cdk/asset-awscli-v1": {
      "version": "2.2.204",
      "resolved": "https://registry.npmjs.org/@aws-cdk/asset-awscli-v1/-/asset-awscli-v1-2.2.204.tgz",
      "integrity": "sha512-cm7aZKIubmBAS5IOkGEmh3h8VlKeOsNlLJJ39MnbmGZxXcW7+WaqIS7S4Z3YLKrs6EVQnrP8XQ2kt3cjkqKIJg==",
      "license": "Apache-2.0",
      "peer": true
    },
    "node_modules/@aws-cdk/asset-kubectl-v20": {
      "version": "2.1.2",
      "resolved": "https://registry.npmjs.org/@aws-cdk/asset-kubectl-v20/-/asset-kubectl-v20-2.1.2.tgz",
      "integrity": "sha512-3M2tELJOxQv0apCIiuKQ4pAbncz9GuLwnKFqxifWfe77wuMxyTRPmxssYHs42ePqzap1LT6GDcPygGs+hHstLg==",
      "license": "Apache-2.0",
      "peer": true
    },
    "node_modules/@aws-cdk/asset-node-proxy-agent-v6": {
      "version": "2.1.0",
      "resolved": "https://registry.npmjs.org/@aws-cdk/asset-node-proxy-agent-v6/-/asset-node-proxy-agent-v6-2.1.0.tgz",
      "integrity": "sha512-7bY3J8GCVxLupn/kNmpPc5VJz8grx+4RKfnnJiO1LG+uxkZfANZG3RMHhE+qQxxwkyQ9/MfPtTpf748UhR425A==",
      "license": "Apache-2.0",
      "peer": true
    },
    "node_modules/@aws-cdk/cloud-assembly-schema": {
      "version": "36.3.0",
      "resolved": "https://registry.npmjs.org/@aws-cdk/cloud-assembly-schema/-/cloud-assembly-schema-36.3.0.tgz",
      "integrity": "sha512-mLSYgcMFTNCXrGAD7xob95p9s47/7WwEWUJiexxM46H2GxiijhlhLQJs31AS5uRRP6Cx1DLEu4qayKAUOOVGrw==",
      "bundleDependencies": [
        "jsonschema",
        "semver"
      ],
      "license": "Apache-2.0",
      "peer": true,
      "dependencies": {
        "jsonschema": "^1.4.1",
        "semver": "^7.6.3"
      },
      "engines": {
        "node": ">= 18.18.0"
      }
    },
    "node_modules/@aws-cdk/cloud-assembly-schema/node_modules/jsonschema": {
      "version": "1.4.1",
      "inBundle": true,
      "license": "MIT",
      "peer": true,
      "engines": {
        "node": "*"
      }
    },
    "node_modules/@aws-cdk/cloud-assembly-schema/node_modules/semver": {
      "version": "7.6.3",
      "inBundle": true,
      "license": "ISC",
      "peer": true,
      "bin": {
        "semver": "bin/semver.js"
      },
      "engines": {
        "node": ">=10"
      }
    },
    "node_modules/@cdklabs/cdk-ssm-documents": {
      "version": "0.0.46",
      "resolved": "https://registry.npmjs.org/@cdklabs/cdk-ssm-documents/-/cdk-ssm-documents-0.0.46.tgz",
      "integrity": "sha512-PjSmlmW5w37qfcszRl/PJeHdyDsz5dst8Q/Z6S4Az5Z4RdzE18uxT6MWXOq3aoIQ/naWpgY7ZJpAsnYUyIO/oA==",
      "bundleDependencies": [
        "aws-sdk",
        "immutable",
        "js-yaml",
        "jsonpath",
        "python-shell",
        "synchronized-promise"
      ],
      "license": "Apache-2.0",
      "dependencies": {
        "aws-sdk": "^2.1135.0",
        "immutable": "^4.0.0",
        "js-yaml": "^4.1.0",
        "jsonpath": "^1.1.1",
        "python-shell": "^3.0.1",
        "synchronized-promise": "^0.3.1"
      },
      "peerDependencies": {
        "aws-cdk-lib": "^2.131.0",
        "constructs": "^10.0.5"
      }
    },
    "node_modules/@cdklabs/cdk-ssm-documents/node_modules/argparse": {
      "version": "2.0.1",
      "inBundle": true,
      "license": "Python-2.0"
    },
    "node_modules/@cdklabs/cdk-ssm-documents/node_modules/available-typed-arrays": {
      "version": "1.0.7",
      "inBundle": true,
      "license": "MIT",
      "dependencies": {
        "possible-typed-array-names": "^1.0.0"
      },
      "engines": {
        "node": ">= 0.4"
      },
      "funding": {
        "url": "https://github.com/sponsors/ljharb"
      }
    },
    "node_modules/@cdklabs/cdk-ssm-documents/node_modules/aws-sdk": {
      "version": "2.1672.0",
      "hasInstallScript": true,
      "inBundle": true,
      "license": "Apache-2.0",
      "dependencies": {
        "buffer": "4.9.2",
        "events": "1.1.1",
        "ieee754": "1.1.13",
        "jmespath": "0.16.0",
        "querystring": "0.2.0",
        "sax": "1.2.1",
        "url": "0.10.3",
        "util": "^0.12.4",
        "uuid": "8.0.0",
        "xml2js": "0.6.2"
      },
      "engines": {
        "node": ">= 10.0.0"
      }
    },
    "node_modules/@cdklabs/cdk-ssm-documents/node_modules/base64-js": {
      "version": "1.5.1",
      "funding": [
        {
          "type": "github",
          "url": "https://github.com/sponsors/feross"
        },
        {
          "type": "patreon",
          "url": "https://www.patreon.com/feross"
        },
        {
          "type": "consulting",
          "url": "https://feross.org/support"
        }
      ],
      "inBundle": true,
      "license": "MIT"
    },
    "node_modules/@cdklabs/cdk-ssm-documents/node_modules/bindings": {
      "version": "1.5.0",
      "inBundle": true,
      "license": "MIT",
      "dependencies": {
        "file-uri-to-path": "1.0.0"
      }
    },
    "node_modules/@cdklabs/cdk-ssm-documents/node_modules/buffer": {
      "version": "4.9.2",
      "inBundle": true,
      "license": "MIT",
      "dependencies": {
        "base64-js": "^1.0.2",
        "ieee754": "^1.1.4",
        "isarray": "^1.0.0"
      }
    },
    "node_modules/@cdklabs/cdk-ssm-documents/node_modules/buffer/node_modules/ieee754": {
      "version": "1.2.1",
      "funding": [
        {
          "type": "github",
          "url": "https://github.com/sponsors/feross"
        },
        {
          "type": "patreon",
          "url": "https://www.patreon.com/feross"
        },
        {
          "type": "consulting",
          "url": "https://feross.org/support"
        }
      ],
      "inBundle": true,
      "license": "BSD-3-Clause"
    },
    "node_modules/@cdklabs/cdk-ssm-documents/node_modules/call-bind": {
      "version": "1.0.7",
      "inBundle": true,
      "license": "MIT",
      "dependencies": {
        "es-define-property": "^1.0.0",
        "es-errors": "^1.3.0",
        "function-bind": "^1.1.2",
        "get-intrinsic": "^1.2.4",
        "set-function-length": "^1.2.1"
      },
      "engines": {
        "node": ">= 0.4"
      },
      "funding": {
        "url": "https://github.com/sponsors/ljharb"
      }
    },
    "node_modules/@cdklabs/cdk-ssm-documents/node_modules/deasync": {
      "version": "0.1.30",
      "hasInstallScript": true,
      "inBundle": true,
      "license": "MIT",
      "dependencies": {
        "bindings": "^1.5.0",
        "node-addon-api": "^1.7.1"
      },
      "engines": {
        "node": ">=0.11.0"
      }
    },
    "node_modules/@cdklabs/cdk-ssm-documents/node_modules/deep-is": {
      "version": "0.1.4",
      "inBundle": true,
      "license": "MIT"
    },
    "node_modules/@cdklabs/cdk-ssm-documents/node_modules/define-data-property": {
      "version": "1.1.4",
      "inBundle": true,
      "license": "MIT",
      "dependencies": {
        "es-define-property": "^1.0.0",
        "es-errors": "^1.3.0",
        "gopd": "^1.0.1"
      },
      "engines": {
        "node": ">= 0.4"
      },
      "funding": {
        "url": "https://github.com/sponsors/ljharb"
      }
    },
    "node_modules/@cdklabs/cdk-ssm-documents/node_modules/es-define-property": {
      "version": "1.0.0",
      "inBundle": true,
      "license": "MIT",
      "dependencies": {
        "get-intrinsic": "^1.2.4"
      },
      "engines": {
        "node": ">= 0.4"
      }
    },
    "node_modules/@cdklabs/cdk-ssm-documents/node_modules/es-errors": {
      "version": "1.3.0",
      "inBundle": true,
      "license": "MIT",
      "engines": {
        "node": ">= 0.4"
      }
    },
    "node_modules/@cdklabs/cdk-ssm-documents/node_modules/escodegen": {
      "version": "1.14.3",
      "inBundle": true,
      "license": "BSD-2-Clause",
      "dependencies": {
        "esprima": "^4.0.1",
        "estraverse": "^4.2.0",
        "esutils": "^2.0.2",
        "optionator": "^0.8.1"
      },
      "bin": {
        "escodegen": "bin/escodegen.js",
        "esgenerate": "bin/esgenerate.js"
      },
      "engines": {
        "node": ">=4.0"
      },
      "optionalDependencies": {
        "source-map": "~0.6.1"
      }
    },
    "node_modules/@cdklabs/cdk-ssm-documents/node_modules/escodegen/node_modules/estraverse": {
      "version": "4.3.0",
      "inBundle": true,
      "license": "BSD-2-Clause",
      "engines": {
        "node": ">=4.0"
      }
    },
    "node_modules/@cdklabs/cdk-ssm-documents/node_modules/escodegen/node_modules/levn": {
      "version": "0.3.0",
      "inBundle": true,
      "license": "MIT",
      "dependencies": {
        "prelude-ls": "~1.1.2",
        "type-check": "~0.3.2"
      },
      "engines": {
        "node": ">= 0.8.0"
      }
    },
    "node_modules/@cdklabs/cdk-ssm-documents/node_modules/escodegen/node_modules/optionator": {
      "version": "0.8.3",
      "inBundle": true,
      "license": "MIT",
      "dependencies": {
        "deep-is": "~0.1.3",
        "fast-levenshtein": "~2.0.6",
        "levn": "~0.3.0",
        "prelude-ls": "~1.1.2",
        "type-check": "~0.3.2",
        "word-wrap": "~1.2.3"
      },
      "engines": {
        "node": ">= 0.8.0"
      }
    },
    "node_modules/@cdklabs/cdk-ssm-documents/node_modules/esprima": {
      "version": "4.0.1",
      "inBundle": true,
      "license": "BSD-2-Clause",
      "bin": {
        "esparse": "bin/esparse.js",
        "esvalidate": "bin/esvalidate.js"
      },
      "engines": {
        "node": ">=4"
      }
    },
    "node_modules/@cdklabs/cdk-ssm-documents/node_modules/esutils": {
      "version": "2.0.3",
      "inBundle": true,
      "license": "BSD-2-Clause",
      "engines": {
        "node": ">=0.10.0"
      }
    },
    "node_modules/@cdklabs/cdk-ssm-documents/node_modules/events": {
      "version": "1.1.1",
      "inBundle": true,
      "license": "MIT",
      "engines": {
        "node": ">=0.4.x"
      }
    },
    "node_modules/@cdklabs/cdk-ssm-documents/node_modules/fast-levenshtein": {
      "version": "2.0.6",
      "inBundle": true,
      "license": "MIT"
    },
    "node_modules/@cdklabs/cdk-ssm-documents/node_modules/file-uri-to-path": {
      "version": "1.0.0",
      "inBundle": true,
      "license": "MIT"
    },
    "node_modules/@cdklabs/cdk-ssm-documents/node_modules/for-each": {
      "version": "0.3.3",
      "inBundle": true,
      "license": "MIT",
      "dependencies": {
        "is-callable": "^1.1.3"
      }
    },
    "node_modules/@cdklabs/cdk-ssm-documents/node_modules/function-bind": {
      "version": "1.1.2",
      "inBundle": true,
      "license": "MIT",
      "funding": {
        "url": "https://github.com/sponsors/ljharb"
      }
    },
    "node_modules/@cdklabs/cdk-ssm-documents/node_modules/get-intrinsic": {
      "version": "1.2.4",
      "inBundle": true,
      "license": "MIT",
      "dependencies": {
        "es-errors": "^1.3.0",
        "function-bind": "^1.1.2",
        "has-proto": "^1.0.1",
        "has-symbols": "^1.0.3",
        "hasown": "^2.0.0"
      },
      "engines": {
        "node": ">= 0.4"
      },
      "funding": {
        "url": "https://github.com/sponsors/ljharb"
      }
    },
    "node_modules/@cdklabs/cdk-ssm-documents/node_modules/gopd": {
      "version": "1.0.1",
      "inBundle": true,
      "license": "MIT",
      "dependencies": {
        "get-intrinsic": "^1.1.3"
      },
      "funding": {
        "url": "https://github.com/sponsors/ljharb"
      }
    },
    "node_modules/@cdklabs/cdk-ssm-documents/node_modules/has-property-descriptors": {
      "version": "1.0.2",
      "inBundle": true,
      "license": "MIT",
      "dependencies": {
        "es-define-property": "^1.0.0"
      },
      "funding": {
        "url": "https://github.com/sponsors/ljharb"
      }
    },
    "node_modules/@cdklabs/cdk-ssm-documents/node_modules/has-proto": {
      "version": "1.0.3",
      "inBundle": true,
      "license": "MIT",
      "engines": {
        "node": ">= 0.4"
      },
      "funding": {
        "url": "https://github.com/sponsors/ljharb"
      }
    },
    "node_modules/@cdklabs/cdk-ssm-documents/node_modules/has-symbols": {
      "version": "1.0.3",
      "inBundle": true,
      "license": "MIT",
      "engines": {
        "node": ">= 0.4"
      },
      "funding": {
        "url": "https://github.com/sponsors/ljharb"
      }
    },
    "node_modules/@cdklabs/cdk-ssm-documents/node_modules/has-tostringtag": {
      "version": "1.0.2",
      "inBundle": true,
      "license": "MIT",
      "dependencies": {
        "has-symbols": "^1.0.3"
      },
      "engines": {
        "node": ">= 0.4"
      },
      "funding": {
        "url": "https://github.com/sponsors/ljharb"
      }
    },
    "node_modules/@cdklabs/cdk-ssm-documents/node_modules/hasown": {
      "version": "2.0.2",
      "inBundle": true,
      "license": "MIT",
      "dependencies": {
        "function-bind": "^1.1.2"
      },
      "engines": {
        "node": ">= 0.4"
      }
    },
    "node_modules/@cdklabs/cdk-ssm-documents/node_modules/ieee754": {
      "version": "1.1.13",
      "inBundle": true,
      "license": "BSD-3-Clause"
    },
    "node_modules/@cdklabs/cdk-ssm-documents/node_modules/immutable": {
      "version": "4.3.7",
      "inBundle": true,
      "license": "MIT"
    },
    "node_modules/@cdklabs/cdk-ssm-documents/node_modules/inherits": {
      "version": "2.0.4",
      "inBundle": true,
      "license": "ISC"
    },
    "node_modules/@cdklabs/cdk-ssm-documents/node_modules/is-arguments": {
      "version": "1.1.1",
      "inBundle": true,
      "license": "MIT",
      "dependencies": {
        "call-bind": "^1.0.2",
        "has-tostringtag": "^1.0.0"
      },
      "engines": {
        "node": ">= 0.4"
      },
      "funding": {
        "url": "https://github.com/sponsors/ljharb"
      }
    },
    "node_modules/@cdklabs/cdk-ssm-documents/node_modules/is-callable": {
      "version": "1.2.7",
      "inBundle": true,
      "license": "MIT",
      "engines": {
        "node": ">= 0.4"
      },
      "funding": {
        "url": "https://github.com/sponsors/ljharb"
      }
    },
    "node_modules/@cdklabs/cdk-ssm-documents/node_modules/is-generator-function": {
      "version": "1.0.10",
      "inBundle": true,
      "license": "MIT",
      "dependencies": {
        "has-tostringtag": "^1.0.0"
      },
      "engines": {
        "node": ">= 0.4"
      },
      "funding": {
        "url": "https://github.com/sponsors/ljharb"
      }
    },
    "node_modules/@cdklabs/cdk-ssm-documents/node_modules/is-typed-array": {
      "version": "1.1.13",
      "inBundle": true,
      "license": "MIT",
      "dependencies": {
        "which-typed-array": "^1.1.14"
      },
      "engines": {
        "node": ">= 0.4"
      },
      "funding": {
        "url": "https://github.com/sponsors/ljharb"
      }
    },
    "node_modules/@cdklabs/cdk-ssm-documents/node_modules/isarray": {
      "version": "1.0.0",
      "inBundle": true,
      "license": "MIT"
    },
    "node_modules/@cdklabs/cdk-ssm-documents/node_modules/jmespath": {
      "version": "0.16.0",
      "inBundle": true,
      "license": "Apache-2.0",
      "engines": {
        "node": ">= 0.6.0"
      }
    },
    "node_modules/@cdklabs/cdk-ssm-documents/node_modules/js-yaml": {
      "version": "4.1.0",
      "inBundle": true,
      "license": "MIT",
      "dependencies": {
        "argparse": "^2.0.1"
      },
      "bin": {
        "js-yaml": "bin/js-yaml.js"
      }
    },
    "node_modules/@cdklabs/cdk-ssm-documents/node_modules/jsonpath": {
      "version": "1.1.1",
      "inBundle": true,
      "license": "MIT",
      "dependencies": {
        "esprima": "1.2.2",
        "static-eval": "2.0.2",
        "underscore": "1.12.1"
      }
    },
    "node_modules/@cdklabs/cdk-ssm-documents/node_modules/jsonpath/node_modules/esprima": {
      "version": "1.2.2",
      "inBundle": true,
      "bin": {
        "esparse": "bin/esparse.js",
        "esvalidate": "bin/esvalidate.js"
      },
      "engines": {
        "node": ">=0.4.0"
      }
    },
    "node_modules/@cdklabs/cdk-ssm-documents/node_modules/node-addon-api": {
      "version": "1.7.2",
      "inBundle": true,
      "license": "MIT"
    },
    "node_modules/@cdklabs/cdk-ssm-documents/node_modules/possible-typed-array-names": {
      "version": "1.0.0",
      "inBundle": true,
      "license": "MIT",
      "engines": {
        "node": ">= 0.4"
      }
    },
    "node_modules/@cdklabs/cdk-ssm-documents/node_modules/prelude-ls": {
      "version": "1.1.2",
      "inBundle": true,
      "engines": {
        "node": ">= 0.8.0"
      }
    },
    "node_modules/@cdklabs/cdk-ssm-documents/node_modules/python-shell": {
      "version": "3.0.1",
      "inBundle": true,
      "license": "MIT",
      "engines": {
        "node": ">=0.10"
      }
    },
    "node_modules/@cdklabs/cdk-ssm-documents/node_modules/querystring": {
      "version": "0.2.0",
      "inBundle": true,
      "engines": {
        "node": ">=0.4.x"
      }
    },
    "node_modules/@cdklabs/cdk-ssm-documents/node_modules/sax": {
      "version": "1.2.1",
      "inBundle": true,
      "license": "ISC"
    },
    "node_modules/@cdklabs/cdk-ssm-documents/node_modules/set-function-length": {
      "version": "1.2.2",
      "inBundle": true,
      "license": "MIT",
      "dependencies": {
        "define-data-property": "^1.1.4",
        "es-errors": "^1.3.0",
        "function-bind": "^1.1.2",
        "get-intrinsic": "^1.2.4",
        "gopd": "^1.0.1",
        "has-property-descriptors": "^1.0.2"
      },
      "engines": {
        "node": ">= 0.4"
      }
    },
    "node_modules/@cdklabs/cdk-ssm-documents/node_modules/source-map": {
      "version": "0.6.1",
      "inBundle": true,
      "license": "BSD-3-Clause",
      "optional": true,
      "engines": {
        "node": ">=0.10.0"
      }
    },
    "node_modules/@cdklabs/cdk-ssm-documents/node_modules/static-eval": {
      "version": "2.0.2",
      "inBundle": true,
      "license": "MIT",
      "dependencies": {
        "escodegen": "^1.8.1"
      }
    },
    "node_modules/@cdklabs/cdk-ssm-documents/node_modules/synchronized-promise": {
      "version": "0.3.1",
      "inBundle": true,
      "license": "MIT",
      "dependencies": {
        "deasync": "^0.1.15"
      },
      "engines": {
        "node": ">=4.2.0"
      }
    },
    "node_modules/@cdklabs/cdk-ssm-documents/node_modules/type-check": {
      "version": "0.3.2",
      "inBundle": true,
      "license": "MIT",
      "dependencies": {
        "prelude-ls": "~1.1.2"
      },
      "engines": {
        "node": ">= 0.8.0"
      }
    },
    "node_modules/@cdklabs/cdk-ssm-documents/node_modules/underscore": {
      "version": "1.12.1",
      "inBundle": true,
      "license": "MIT"
    },
    "node_modules/@cdklabs/cdk-ssm-documents/node_modules/url": {
      "version": "0.10.3",
      "inBundle": true,
      "license": "MIT",
      "dependencies": {
        "punycode": "1.3.2",
        "querystring": "0.2.0"
      }
    },
    "node_modules/@cdklabs/cdk-ssm-documents/node_modules/url/node_modules/punycode": {
      "version": "1.3.2",
      "inBundle": true,
      "license": "MIT"
    },
    "node_modules/@cdklabs/cdk-ssm-documents/node_modules/util": {
      "version": "0.12.5",
      "inBundle": true,
      "license": "MIT",
      "dependencies": {
        "inherits": "^2.0.3",
        "is-arguments": "^1.0.4",
        "is-generator-function": "^1.0.7",
        "is-typed-array": "^1.1.3",
        "which-typed-array": "^1.1.2"
      }
    },
    "node_modules/@cdklabs/cdk-ssm-documents/node_modules/uuid": {
      "version": "8.0.0",
      "inBundle": true,
      "license": "MIT",
      "bin": {
        "uuid": "dist/bin/uuid"
      }
    },
    "node_modules/@cdklabs/cdk-ssm-documents/node_modules/which-typed-array": {
      "version": "1.1.15",
      "inBundle": true,
      "license": "MIT",
      "dependencies": {
        "available-typed-arrays": "^1.0.7",
        "call-bind": "^1.0.7",
        "for-each": "^0.3.3",
        "gopd": "^1.0.1",
        "has-tostringtag": "^1.0.2"
      },
      "engines": {
        "node": ">= 0.4"
      },
      "funding": {
        "url": "https://github.com/sponsors/ljharb"
      }
    },
    "node_modules/@cdklabs/cdk-ssm-documents/node_modules/word-wrap": {
      "version": "1.2.5",
      "inBundle": true,
      "license": "MIT",
      "engines": {
        "node": ">=0.10.0"
      }
    },
    "node_modules/@cdklabs/cdk-ssm-documents/node_modules/xml2js": {
      "version": "0.6.2",
      "inBundle": true,
      "license": "MIT",
      "dependencies": {
        "sax": ">=0.6.0",
        "xmlbuilder": "~11.0.0"
      },
      "engines": {
        "node": ">=4.0.0"
      }
    },
    "node_modules/@cdklabs/cdk-ssm-documents/node_modules/xml2js/node_modules/sax": {
      "version": "1.4.1",
      "inBundle": true,
      "license": "ISC"
    },
    "node_modules/@cdklabs/cdk-ssm-documents/node_modules/xml2js/node_modules/xmlbuilder": {
      "version": "11.0.1",
      "inBundle": true,
      "license": "MIT",
      "engines": {
        "node": ">=4.0"
      }
    },
    "node_modules/aws-cdk-lib": {
      "version": "2.159.1",
      "resolved": "https://registry.npmjs.org/aws-cdk-lib/-/aws-cdk-lib-2.159.1.tgz",
      "integrity": "sha512-zcOyAs3+DTu+CtLehdOgvyosZ7nbLZ+OfBE6uVNMshXm957oXJrLsu6hehLt81TDxfItWYNluFcXkwepZDm6Ng==",
      "bundleDependencies": [
        "@balena/dockerignore",
        "case",
        "fs-extra",
        "ignore",
        "jsonschema",
        "minimatch",
        "punycode",
        "semver",
        "table",
        "yaml",
        "mime-types"
      ],
      "license": "Apache-2.0",
      "peer": true,
      "dependencies": {
        "@aws-cdk/asset-awscli-v1": "^2.2.202",
        "@aws-cdk/asset-kubectl-v20": "^2.1.2",
        "@aws-cdk/asset-node-proxy-agent-v6": "^2.1.0",
        "@aws-cdk/cloud-assembly-schema": "^36.0.24",
        "@balena/dockerignore": "^1.0.2",
        "case": "1.6.3",
        "fs-extra": "^11.2.0",
        "ignore": "^5.3.2",
        "jsonschema": "^1.4.1",
        "mime-types": "^2.1.35",
        "minimatch": "^3.1.2",
        "punycode": "^2.3.1",
        "semver": "^7.6.3",
        "table": "^6.8.2",
        "yaml": "1.10.2"
      },
      "engines": {
        "node": ">= 14.15.0"
      },
      "peerDependencies": {
        "constructs": "^10.0.0"
      }
    },
    "node_modules/aws-cdk-lib/node_modules/@balena/dockerignore": {
      "version": "1.0.2",
      "inBundle": true,
      "license": "Apache-2.0",
      "peer": true
    },
    "node_modules/aws-cdk-lib/node_modules/ajv": {
      "version": "8.17.1",
      "inBundle": true,
      "license": "MIT",
      "peer": true,
      "dependencies": {
        "fast-deep-equal": "^3.1.3",
        "fast-uri": "^3.0.1",
        "json-schema-traverse": "^1.0.0",
        "require-from-string": "^2.0.2"
      },
      "funding": {
        "type": "github",
        "url": "https://github.com/sponsors/epoberezkin"
      }
    },
    "node_modules/aws-cdk-lib/node_modules/ansi-regex": {
      "version": "5.0.1",
      "inBundle": true,
      "license": "MIT",
      "peer": true,
      "engines": {
        "node": ">=8"
      }
    },
    "node_modules/aws-cdk-lib/node_modules/ansi-styles": {
      "version": "4.3.0",
      "inBundle": true,
      "license": "MIT",
      "peer": true,
      "dependencies": {
        "color-convert": "^2.0.1"
      },
      "engines": {
        "node": ">=8"
      },
      "funding": {
        "url": "https://github.com/chalk/ansi-styles?sponsor=1"
      }
    },
    "node_modules/aws-cdk-lib/node_modules/astral-regex": {
      "version": "2.0.0",
      "inBundle": true,
      "license": "MIT",
      "peer": true,
      "engines": {
        "node": ">=8"
      }
    },
    "node_modules/aws-cdk-lib/node_modules/balanced-match": {
      "version": "1.0.2",
      "inBundle": true,
      "license": "MIT",
      "peer": true
    },
    "node_modules/aws-cdk-lib/node_modules/brace-expansion": {
      "version": "1.1.11",
      "inBundle": true,
      "license": "MIT",
      "peer": true,
      "dependencies": {
        "balanced-match": "^1.0.0",
        "concat-map": "0.0.1"
      }
    },
    "node_modules/aws-cdk-lib/node_modules/case": {
      "version": "1.6.3",
      "inBundle": true,
      "license": "(MIT OR GPL-3.0-or-later)",
      "peer": true,
      "engines": {
        "node": ">= 0.8.0"
      }
    },
    "node_modules/aws-cdk-lib/node_modules/color-convert": {
      "version": "2.0.1",
      "inBundle": true,
      "license": "MIT",
      "peer": true,
      "dependencies": {
        "color-name": "~1.1.4"
      },
      "engines": {
        "node": ">=7.0.0"
      }
    },
    "node_modules/aws-cdk-lib/node_modules/color-name": {
      "version": "1.1.4",
      "inBundle": true,
      "license": "MIT",
      "peer": true
    },
    "node_modules/aws-cdk-lib/node_modules/concat-map": {
      "version": "0.0.1",
      "inBundle": true,
      "license": "MIT",
      "peer": true
    },
    "node_modules/aws-cdk-lib/node_modules/emoji-regex": {
      "version": "8.0.0",
      "inBundle": true,
      "license": "MIT",
      "peer": true
    },
    "node_modules/aws-cdk-lib/node_modules/fast-deep-equal": {
      "version": "3.1.3",
      "inBundle": true,
      "license": "MIT",
      "peer": true
    },
    "node_modules/aws-cdk-lib/node_modules/fast-uri": {
      "version": "3.0.1",
      "inBundle": true,
      "license": "MIT",
      "peer": true
    },
    "node_modules/aws-cdk-lib/node_modules/fs-extra": {
      "version": "11.2.0",
      "inBundle": true,
      "license": "MIT",
      "peer": true,
      "dependencies": {
        "graceful-fs": "^4.2.0",
        "jsonfile": "^6.0.1",
        "universalify": "^2.0.0"
      },
      "engines": {
        "node": ">=14.14"
      }
    },
    "node_modules/aws-cdk-lib/node_modules/graceful-fs": {
      "version": "4.2.11",
      "inBundle": true,
      "license": "ISC",
      "peer": true
    },
    "node_modules/aws-cdk-lib/node_modules/ignore": {
      "version": "5.3.2",
      "inBundle": true,
      "license": "MIT",
      "peer": true,
      "engines": {
        "node": ">= 4"
      }
    },
    "node_modules/aws-cdk-lib/node_modules/is-fullwidth-code-point": {
      "version": "3.0.0",
      "inBundle": true,
      "license": "MIT",
      "peer": true,
      "engines": {
        "node": ">=8"
      }
    },
    "node_modules/aws-cdk-lib/node_modules/json-schema-traverse": {
      "version": "1.0.0",
      "inBundle": true,
      "license": "MIT",
      "peer": true
    },
    "node_modules/aws-cdk-lib/node_modules/jsonfile": {
      "version": "6.1.0",
      "inBundle": true,
      "license": "MIT",
      "peer": true,
      "dependencies": {
        "universalify": "^2.0.0"
      },
      "optionalDependencies": {
        "graceful-fs": "^4.1.6"
      }
    },
    "node_modules/aws-cdk-lib/node_modules/jsonschema": {
      "version": "1.4.1",
      "inBundle": true,
      "license": "MIT",
      "peer": true,
      "engines": {
        "node": "*"
      }
    },
    "node_modules/aws-cdk-lib/node_modules/lodash.truncate": {
      "version": "4.4.2",
      "inBundle": true,
      "license": "MIT",
      "peer": true
    },
    "node_modules/aws-cdk-lib/node_modules/mime-db": {
      "version": "1.52.0",
      "inBundle": true,
      "license": "MIT",
      "peer": true,
      "engines": {
        "node": ">= 0.6"
      }
    },
    "node_modules/aws-cdk-lib/node_modules/mime-types": {
      "version": "2.1.35",
      "inBundle": true,
      "license": "MIT",
      "peer": true,
      "dependencies": {
        "mime-db": "1.52.0"
      },
      "engines": {
        "node": ">= 0.6"
      }
    },
    "node_modules/aws-cdk-lib/node_modules/minimatch": {
      "version": "3.1.2",
      "inBundle": true,
      "license": "ISC",
      "peer": true,
      "dependencies": {
        "brace-expansion": "^1.1.7"
      },
      "engines": {
        "node": "*"
      }
    },
    "node_modules/aws-cdk-lib/node_modules/punycode": {
      "version": "2.3.1",
      "inBundle": true,
      "license": "MIT",
      "peer": true,
      "engines": {
        "node": ">=6"
      }
    },
    "node_modules/aws-cdk-lib/node_modules/require-from-string": {
      "version": "2.0.2",
      "inBundle": true,
      "license": "MIT",
      "peer": true,
      "engines": {
        "node": ">=0.10.0"
      }
    },
    "node_modules/aws-cdk-lib/node_modules/semver": {
      "version": "7.6.3",
      "inBundle": true,
      "license": "ISC",
      "peer": true,
      "bin": {
        "semver": "bin/semver.js"
      },
      "engines": {
        "node": ">=10"
      }
    },
    "node_modules/aws-cdk-lib/node_modules/slice-ansi": {
      "version": "4.0.0",
      "inBundle": true,
      "license": "MIT",
      "peer": true,
      "dependencies": {
        "ansi-styles": "^4.0.0",
        "astral-regex": "^2.0.0",
        "is-fullwidth-code-point": "^3.0.0"
      },
      "engines": {
        "node": ">=10"
      },
      "funding": {
        "url": "https://github.com/chalk/slice-ansi?sponsor=1"
      }
    },
    "node_modules/aws-cdk-lib/node_modules/string-width": {
      "version": "4.2.3",
      "inBundle": true,
      "license": "MIT",
      "peer": true,
      "dependencies": {
        "emoji-regex": "^8.0.0",
        "is-fullwidth-code-point": "^3.0.0",
        "strip-ansi": "^6.0.1"
      },
      "engines": {
        "node": ">=8"
      }
    },
    "node_modules/aws-cdk-lib/node_modules/strip-ansi": {
      "version": "6.0.1",
      "inBundle": true,
      "license": "MIT",
      "peer": true,
      "dependencies": {
        "ansi-regex": "^5.0.1"
      },
      "engines": {
        "node": ">=8"
      }
    },
    "node_modules/aws-cdk-lib/node_modules/table": {
      "version": "6.8.2",
      "inBundle": true,
      "license": "BSD-3-Clause",
      "peer": true,
      "dependencies": {
        "ajv": "^8.0.1",
        "lodash.truncate": "^4.4.2",
        "slice-ansi": "^4.0.0",
        "string-width": "^4.2.3",
        "strip-ansi": "^6.0.1"
      },
      "engines": {
        "node": ">=10.0.0"
      }
    },
    "node_modules/aws-cdk-lib/node_modules/universalify": {
      "version": "2.0.1",
      "inBundle": true,
      "license": "MIT",
      "peer": true,
      "engines": {
        "node": ">= 10.0.0"
      }
    },
    "node_modules/aws-cdk-lib/node_modules/yaml": {
      "version": "1.10.2",
      "inBundle": true,
      "license": "ISC",
      "peer": true,
      "engines": {
        "node": ">= 6"
      }
    },
    "node_modules/constructs": {
      "version": "10.3.0",
      "resolved": "https://registry.npmjs.org/constructs/-/constructs-10.3.0.tgz",
      "integrity": "sha512-vbK8i3rIb/xwZxSpTjz3SagHn1qq9BChLEfy5Hf6fB3/2eFbrwt2n9kHwQcS0CPTRBesreeAcsJfMq2229FnbQ==",
      "license": "Apache-2.0",
      "peer": true,
      "engines": {
        "node": ">= 16.14.0"
      }
    }
  }
}
